{
  "name": "fluid-trap",
  "version": "0.0.1",
  "lockfileVersion": 2,
  "requires": true,
  "packages": {
    "": {
      "name": "fluid-trap",
      "version": "0.0.1",
      "license": "UNLICENSED",
      "dependencies": {
        "@fluid-music/battery-4": "^0.0.1",
        "@fluid-music/battery4": "file:../battery4-plugin",
        "@fluid-music/kit": "^4.0.2",
        "@fluid-music/rides": "0.0.2",
        "@fluid-music/tr-808": "^0.0.2",
        "fluid-music": "^0.9.5"
      }
    },
    "../battery4-plugin": {
      "name": "@fluid-music/battery4",
      "version": "0.0.1",
      "license": "ISC",
      "devDependencies": {
        "@types/node": "^15.3.0",
        "fluid-music": "*"
      },
      "peerDependencies": {
        "fluid-music": "^0.9.5"
      }
    },
    "node_modules/@fluid-music/battery-4": {
      "version": "0.0.1",
      "resolved": "https://registry.npmjs.org/@fluid-music/battery-4/-/battery-4-0.0.1.tgz",
      "integrity": "sha512-YpM454+J6USLPhTe4W3qkiFGZCR7XB1Tb0VFZhL37nHK2PlVuF/6IAw0NWxuHXhEsXPrBvNPWYpS2NVP3thRYg==",
      "peerDependencies": {
        "fluid-music": "^0.9.4||^1.0.0"
      }
    },
    "node_modules/@fluid-music/battery4": {
      "resolved": "../battery4-plugin",
      "link": true
    },
    "node_modules/@fluid-music/kit": {
      "version": "4.0.2",
      "resolved": "https://registry.npmjs.org/@fluid-music/kit/-/kit-4.0.2.tgz",
      "integrity": "sha512-p2hfsG8qtVJlUCWb08ia4SEGLVZkfl+lLHq2SvS4aonbbUT3Au1zOmsiFGfaeGfOlYauGtRwkAVJlKNXTtmuNQ=="
    },
    "node_modules/@fluid-music/rides": {
      "version": "0.0.2",
      "resolved": "https://registry.npmjs.org/@fluid-music/rides/-/rides-0.0.2.tgz",
      "integrity": "sha512-MMzcMsIVO/J5AXttcMQ2t1PikgCXQHZmQ7r+gGYSabMRW8AmO32/3/KCLPIvNs81e9Z5A9NnXUqZSezExA4p/w=="
    },
    "node_modules/@fluid-music/tr-808": {
      "version": "0.0.2",
      "resolved": "https://registry.npmjs.org/@fluid-music/tr-808/-/tr-808-0.0.2.tgz",
      "integrity": "sha512-eAmC/cN0JonF97d2PdbHIRkMCJ1dVwHnsz/q+s9InGtUY7wP7qYol0Yw20KJSALd/UI7VJILfZDnhycFOhoMkQ==",
      "peerDependencies": {
        "fluid-music": "^0.9.2"
      }
    },
    "node_modules/ansi-styles": {
      "version": "4.3.0",
      "resolved": "https://registry.npmjs.org/ansi-styles/-/ansi-styles-4.3.0.tgz",
      "integrity": "sha512-zbB9rCJAT1rbjiVDb2hqKFHNYLxgtk8NURxZ3IZwD3F6NtxbXZQCnnSi1Lkx+IDohdPlFp222wVALIheZJQSEg==",
      "dependencies": {
        "color-convert": "^2.0.1"
      },
      "engines": {
        "node": ">=8"
      },
      "funding": {
        "url": "https://github.com/chalk/ansi-styles?sponsor=1"
      }
    },
    "node_modules/await-event": {
      "version": "2.1.0",
      "resolved": "https://registry.npmjs.org/await-event/-/await-event-2.1.0.tgz",
      "integrity": "sha1-eOn5JoS65AIvn6C18xShFVD5qnY="
    },
    "node_modules/await-first": {
      "version": "1.0.0",
      "resolved": "https://registry.npmjs.org/await-first/-/await-first-1.0.0.tgz",
      "integrity": "sha512-SK20HicVu6lXvNM0nS1flurrs4/1NdhvccvEn52Gf+vpERZnnkKBnJvAQDsYkzJnsHs1bRNNKEiobEet7a/0TA==",
      "dependencies": {
        "ee-first": "^1.1.1"
      },
      "engines": {
        "node": ">= 6.0.0"
      }
    },
    "node_modules/binary-parser": {
      "version": "1.8.0",
      "resolved": "https://registry.npmjs.org/binary-parser/-/binary-parser-1.8.0.tgz",
      "integrity": "sha512-K6y28aXb8cVxh4lW9tymRATSt6Fs5Si2e9QCtmMCLRxb+i1M9bG6pay+llBQdA1E5+eHsFVxyWMVmEJv8OFCPA==",
      "dependencies": {
        "fast-text-encoding": "^1.0.3"
      },
      "engines": {
        "node": ">=10"
      }
    },
    "node_modules/binpack": {
      "version": "0.1.0",
      "resolved": "https://registry.npmjs.org/binpack/-/binpack-0.1.0.tgz",
      "integrity": "sha1-vT0JdMPyoERuF99PYLVacqIFqX4="
    },
    "node_modules/capitalize": {
      "version": "1.0.0",
      "resolved": "https://registry.npmjs.org/capitalize/-/capitalize-1.0.0.tgz",
      "integrity": "sha1-3IAsWAruEBkpAg0soUtMqKCuRL4="
    },
    "node_modules/chalk": {
      "version": "4.1.1",
      "resolved": "https://registry.npmjs.org/chalk/-/chalk-4.1.1.tgz",
      "integrity": "sha512-diHzdDKxcU+bAsUboHLPEDQiw0qEe0qd7SYUn3HgcFlWgbDcfLGswOHYeGrHKzG9z6UYf01d9VFMfZxPM1xZSg==",
      "dependencies": {
        "ansi-styles": "^4.1.0",
        "supports-color": "^7.1.0"
      },
      "engines": {
        "node": ">=10"
      },
      "funding": {
        "url": "https://github.com/chalk/chalk?sponsor=1"
      }
    },
    "node_modules/co": {
      "version": "4.6.0",
      "resolved": "https://registry.npmjs.org/co/-/co-4.6.0.tgz",
      "integrity": "sha1-bqa989hTrlTMuOR7+gvz+QMfsYQ=",
      "engines": {
        "iojs": ">= 1.0.0",
        "node": ">= 0.12.0"
      }
    },
    "node_modules/color-convert": {
      "version": "2.0.1",
      "resolved": "https://registry.npmjs.org/color-convert/-/color-convert-2.0.1.tgz",
      "integrity": "sha512-RRECPsj7iu/xb5oKYcsFHSppFNnsj/52OVTRKb4zP5onXwVF3zVmmToNcOfGC+CRDpfK/U584fMg38ZHCaElKQ==",
      "dependencies": {
        "color-name": "~1.1.4"
      },
      "engines": {
        "node": ">=7.0.0"
      }
    },
    "node_modules/color-name": {
      "version": "1.1.4",
      "resolved": "https://registry.npmjs.org/color-name/-/color-name-1.1.4.tgz",
      "integrity": "sha512-dOy+3AuW3a2wNbZHIuMZpTcgjGuLU/uBL/ubcZF9OXbDo8ff4O8yVp5Bf0efS8uEoYo5q4Fx7dY9OgQGXgAsQA=="
    },
    "node_modules/core-util-is": {
      "version": "1.0.2",
      "resolved": "https://registry.npmjs.org/core-util-is/-/core-util-is-1.0.2.tgz",
      "integrity": "sha1-tf1UIgqivFq1eqtxQMlAdUUDwac="
    },
    "node_modules/ee-first": {
      "version": "1.1.1",
      "resolved": "https://registry.npmjs.org/ee-first/-/ee-first-1.1.1.tgz",
      "integrity": "sha1-WQxhFWsK4vTwJVcyoViyZrxWsh0="
    },
    "node_modules/expr-eval": {
      "version": "2.0.2",
      "resolved": "https://registry.npmjs.org/expr-eval/-/expr-eval-2.0.2.tgz",
      "integrity": "sha512-4EMSHGOPSwAfBiibw3ndnP0AvjDWLsMvGOvWEZ2F96IGk0bIVdjQisOHxReSkE13mHcfbuCiXw+G4y0zv6N8Eg=="
    },
    "node_modules/fast-text-encoding": {
      "version": "1.0.3",
      "resolved": "https://registry.npmjs.org/fast-text-encoding/-/fast-text-encoding-1.0.3.tgz",
      "integrity": "sha512-dtm4QZH9nZtcDt8qJiOH9fcQd1NAgi+K1O2DbE6GG1PPCK/BWfOH3idCTRQ4ImXRUOyopDEgDEnVEE7Y/2Wrig=="
    },
    "node_modules/fluid-music": {
      "version": "0.9.5",
      "resolved": "https://registry.npmjs.org/fluid-music/-/fluid-music-0.9.5.tgz",
      "integrity": "sha512-yWIM9kVcoMAftZAWAj+Zdn/LSks9NYY18Ky8CoPQChdymHcsL4zCz4nkSn8KHvUva1X4U3F5csaTmzDlLYeOIQ==",
      "dependencies": {
        "chalk": "^4.1.0",
        "expr-eval": "^2.0.2",
        "ini": "^2.0.0",
        "osc-ipc-client": "^1.1.3",
        "osc-min": "^1.1.2",
        "ramda": "^0.27.1",
        "rppp": "^0.2.8",
        "semver": "^7.3.4",
        "sharp11": "^2.0.2",
        "vst2-preset-parser": "^0.1.1"
      },
      "bin": {
        "fluid": "cli/cli.js",
        "fluidm": "cli/cli.js"
      }
    },
    "node_modules/graceful-fs": {
      "version": "4.2.6",
      "resolved": "https://registry.npmjs.org/graceful-fs/-/graceful-fs-4.2.6.tgz",
      "integrity": "sha512-nTnJ528pbqxYanhpDYsi4Rd8MAeaBA67+RZ10CM1m3bTAVFEDcd5AuA4a6W5YkGZ1iNXHzZz8T6TBKLeBuNriQ==",
      "optional": true
    },
    "node_modules/has-flag": {
      "version": "4.0.0",
      "resolved": "https://registry.npmjs.org/has-flag/-/has-flag-4.0.0.tgz",
      "integrity": "sha512-EykJT/Q1KjTWctppgIAgfSO0tKVuZUjhgMr17kqTumMl6Afv3EISleU7qZUzoXDFTAHTDC4NOoG/ZxU3EvlMPQ==",
      "engines": {
        "node": ">=8"
      }
    },
    "node_modules/ini": {
      "version": "2.0.0",
      "resolved": "https://registry.npmjs.org/ini/-/ini-2.0.0.tgz",
      "integrity": "sha512-7PnF4oN3CvZF23ADhA5wRaYEQpJ8qygSkbtTXWBeXWXmEVRXK+1ITciHWwHhsjv1TmW0MgacIv6hEi5pX5NQdA==",
      "engines": {
        "node": ">=10"
      }
    },
    "node_modules/is-class-hotfix": {
      "version": "0.0.6",
      "resolved": "https://registry.npmjs.org/is-class-hotfix/-/is-class-hotfix-0.0.6.tgz",
      "integrity": "sha512-0n+pzCC6ICtVr/WXnN2f03TK/3BfXY7me4cjCAqT8TYXEl0+JBRoqBo94JJHXcyDSLUeWbNX8Fvy5g5RJdAstQ=="
    },
    "node_modules/is-type-of": {
      "version": "1.2.1",
      "resolved": "https://registry.npmjs.org/is-type-of/-/is-type-of-1.2.1.tgz",
      "integrity": "sha512-uK0kyX9LZYhSDS7H2sVJQJop1UnWPWmo5RvR3q2kFH6AUHYs7sOrVg0b4nyBHw29kRRNFofYN/JbHZDlHiItTA==",
      "dependencies": {
        "core-util-is": "^1.0.2",
        "is-class-hotfix": "~0.0.6",
        "isstream": "~0.1.2"
      }
    },
    "node_modules/isstream": {
      "version": "0.1.2",
      "resolved": "https://registry.npmjs.org/isstream/-/isstream-0.1.2.tgz",
      "integrity": "sha1-R+Y/evVa+m+S4VAOaQ64uFKcCZo="
    },
    "node_modules/jsonfile": {
      "version": "2.4.0",
      "resolved": "https://registry.npmjs.org/jsonfile/-/jsonfile-2.4.0.tgz",
      "integrity": "sha1-NzaitCi4e72gzIO1P6PWM6NcKug=",
      "optionalDependencies": {
        "graceful-fs": "^4.1.6"
      }
    },
    "node_modules/lru-cache": {
      "version": "6.0.0",
      "resolved": "https://registry.npmjs.org/lru-cache/-/lru-cache-6.0.0.tgz",
      "integrity": "sha512-Jo6dJ04CmSjuznwJSS3pUeWmd/H0ffTlkXXgwZi+eq1UCmqQwCh+eLsYOYCwY991i2Fah4h1BEMCx4qThGbsiA==",
      "dependencies": {
        "yallist": "^4.0.0"
      },
      "engines": {
        "node": ">=10"
      }
    },
    "node_modules/mod-loop": {
      "version": "0.0.2",
      "resolved": "https://registry.npmjs.org/mod-loop/-/mod-loop-0.0.2.tgz",
      "integrity": "sha1-1FyOS0yDMRU33HpupeUPfWrvCNQ="
    },
    "node_modules/osc-ipc-client": {
      "version": "1.1.3",
      "resolved": "https://registry.npmjs.org/osc-ipc-client/-/osc-ipc-client-1.1.3.tgz",
      "integrity": "sha512-mI5XvMGFUssdzKPoj/6JaR/kQckh31YHns8Ju+djsiZsYyveMCcTKZnldIDQZkH8LbNVXRLeXxn4eN6m9AboEA==",
      "dependencies": {
        "osc-min": "^1.1.2",
        "tcp-base": "^3.1.0"
      }
    },
    "node_modules/osc-min": {
      "version": "1.1.2",
      "resolved": "https://registry.npmjs.org/osc-min/-/osc-min-1.1.2.tgz",
      "integrity": "sha512-8DbiO8ME85R75stgNVCZtHxB9MNBBNcyy+isNBXrsFeinXGjwNAauvKVmGlfRas5VJWC/mhzIx7spR2gFvWxvg==",
      "dependencies": {
        "binpack": "~0"
      },
      "engines": {
        "node": ">=0.10.0"
      }
    },
    "node_modules/ramda": {
      "version": "0.27.1",
      "resolved": "https://registry.npmjs.org/ramda/-/ramda-0.27.1.tgz",
      "integrity": "sha512-PgIdVpn5y5Yns8vqb8FzBUEYn98V3xcPgawAkkgj0YJ0qDsnHCiNmZYfOGMgOvoB0eWFLpYbhxUR3mxfDIMvpw=="
    },
    "node_modules/random-js": {
      "version": "1.0.8",
      "resolved": "https://registry.npmjs.org/random-js/-/random-js-1.0.8.tgz",
      "integrity": "sha1-lo/WiabyXWwKrHZig94vaIycGQo="
    },
    "node_modules/rppp": {
      "version": "0.2.8",
      "resolved": "https://registry.npmjs.org/rppp/-/rppp-0.2.8.tgz",
      "integrity": "sha512-54DlLATWfJyMXhu5Qbkx+jG8LtLiOzslpzoH1yHJQX1fBgN0/JLGisOJPw10PGEsLD8IIoDBFw76wppc8kkICw=="
    },
    "node_modules/sdk-base": {
      "version": "3.6.0",
      "resolved": "https://registry.npmjs.org/sdk-base/-/sdk-base-3.6.0.tgz",
      "integrity": "sha512-jxHUIrRLlAoRFRwiXKhOGjd6BeFWO/jz7tv+E7lbMSef6F9jzFN2Sv3hLW58oDDKscKaBGG6vQdkbXn7isE7fw==",
      "dependencies": {
        "await-event": "^2.1.0",
        "await-first": "^1.0.0",
        "co": "^4.6.0",
        "is-type-of": "^1.2.1"
      }
    },
    "node_modules/semver": {
      "version": "7.3.5",
      "resolved": "https://registry.npmjs.org/semver/-/semver-7.3.5.tgz",
      "integrity": "sha512-PoeGJYh8HK4BTO/a9Tf6ZG3veo/A7ZVsYrSA6J8ny9nb3B1VrpkuN+z9OE5wfE5p6H4LchYZsegiQgbJD94ZFQ==",
      "dependencies": {
        "lru-cache": "^6.0.0"
      },
      "bin": {
        "semver": "bin/semver.js"
      },
      "engines": {
        "node": ">=10"
      }
    },
    "node_modules/sharp11": {
      "version": "2.0.2",
      "resolved": "https://registry.npmjs.org/sharp11/-/sharp11-2.0.2.tgz",
      "integrity": "sha1-1S2qQYdxhYcOq/PX6U+0enGDZU8=",
      "dependencies": {
        "capitalize": "^1.0.0",
        "jsonfile": "^2.4.0",
        "mod-loop": "0.0.2",
        "random-js": "^1.0.8",
        "underscore": "^1.8.3"
      }
    },
    "node_modules/supports-color": {
      "version": "7.2.0",
      "resolved": "https://registry.npmjs.org/supports-color/-/supports-color-7.2.0.tgz",
      "integrity": "sha512-qpCAvRl9stuOHveKsn7HncJRvv501qIacKzQlO/+Lwxc9+0q2wLyv4Dfvt80/DPn2pqOBsJdDiogXGR9+OvwRw==",
      "dependencies": {
        "has-flag": "^4.0.0"
      },
      "engines": {
        "node": ">=8"
      }
    },
    "node_modules/tcp-base": {
      "version": "3.1.0",
      "resolved": "https://registry.npmjs.org/tcp-base/-/tcp-base-3.1.0.tgz",
      "integrity": "sha512-5iTlUaVmeZBzyq9cSVjB4mzKtvBP2wpkbVZoMdRhFwq35DYUBAfeTgAD31NYJSba3HVxetjuqKlAkUUHlWoShw==",
      "dependencies": {
        "is-type-of": "^1.0.0",
        "sdk-base": "^3.1.1"
      },
      "engines": {
        "node": ">= 6.0.0"
      }
    },
    "node_modules/underscore": {
      "version": "1.13.1",
      "resolved": "https://registry.npmjs.org/underscore/-/underscore-1.13.1.tgz",
      "integrity": "sha512-hzSoAVtJF+3ZtiFX0VgfFPHEDRm7Y/QPjGyNo4TVdnDTdft3tr8hEkD25a1jC+TjTuE7tkHGKkhwCgs9dgBB2g=="
    },
    "node_modules/vst2-preset-parser": {
      "version": "0.1.1",
      "resolved": "https://registry.npmjs.org/vst2-preset-parser/-/vst2-preset-parser-0.1.1.tgz",
      "integrity": "sha512-X1QoBlPbW/YBetzv+UjX3tQFLxz0+uADKexTTMklj1aafWlWEXOn/11/J6/oDWDHjhTH9P0vmK4whykXjbGulw==",
      "dependencies": {
        "binary-parser": "^1.7.0"
      }
    },
    "node_modules/yallist": {
      "version": "4.0.0",
      "resolved": "https://registry.npmjs.org/yallist/-/yallist-4.0.0.tgz",
      "integrity": "sha512-3wdGidZyq5PB084XLES5TpOSRA3wjXAlIWMhum2kRcv/41Sn2emQ0dycQW4uZXLejwKvg6EsvbdlVL+FYEct7A=="
    }
  },
  "dependencies": {
    "@fluid-music/battery-4": {
      "version": "0.0.1",
      "resolved": "https://registry.npmjs.org/@fluid-music/battery-4/-/battery-4-0.0.1.tgz",
      "integrity": "sha512-YpM454+J6USLPhTe4W3qkiFGZCR7XB1Tb0VFZhL37nHK2PlVuF/6IAw0NWxuHXhEsXPrBvNPWYpS2NVP3thRYg==",
      "requires": {}
    },
    "@fluid-music/battery4": {
      "version": "file:../battery4-plugin",
      "requires": {
        "@types/node": "^15.3.0",
        "fluid-music": "*"
      }
    },
    "@fluid-music/kit": {
      "version": "4.0.2",
      "resolved": "https://registry.npmjs.org/@fluid-music/kit/-/kit-4.0.2.tgz",
      "integrity": "sha512-p2hfsG8qtVJlUCWb08ia4SEGLVZkfl+lLHq2SvS4aonbbUT3Au1zOmsiFGfaeGfOlYauGtRwkAVJlKNXTtmuNQ=="
    },
    "@fluid-music/rides": {
      "version": "0.0.2",
      "resolved": "https://registry.npmjs.org/@fluid-music/rides/-/rides-0.0.2.tgz",
      "integrity": "sha512-MMzcMsIVO/J5AXttcMQ2t1PikgCXQHZmQ7r+gGYSabMRW8AmO32/3/KCLPIvNs81e9Z5A9NnXUqZSezExA4p/w=="
    },
    "@fluid-music/tr-808": {
      "version": "0.0.2",
      "resolved": "https://registry.npmjs.org/@fluid-music/tr-808/-/tr-808-0.0.2.tgz",
      "integrity": "sha512-eAmC/cN0JonF97d2PdbHIRkMCJ1dVwHnsz/q+s9InGtUY7wP7qYol0Yw20KJSALd/UI7VJILfZDnhycFOhoMkQ==",
      "requires": {}
    },
    "ansi-styles": {
      "version": "4.3.0",
      "resolved": "https://registry.npmjs.org/ansi-styles/-/ansi-styles-4.3.0.tgz",
      "integrity": "sha512-zbB9rCJAT1rbjiVDb2hqKFHNYLxgtk8NURxZ3IZwD3F6NtxbXZQCnnSi1Lkx+IDohdPlFp222wVALIheZJQSEg==",
      "requires": {
        "color-convert": "^2.0.1"
      }
    },
    "await-event": {
      "version": "2.1.0",
      "resolved": "https://registry.npmjs.org/await-event/-/await-event-2.1.0.tgz",
      "integrity": "sha1-eOn5JoS65AIvn6C18xShFVD5qnY="
    },
    "await-first": {
      "version": "1.0.0",
      "resolved": "https://registry.npmjs.org/await-first/-/await-first-1.0.0.tgz",
      "integrity": "sha512-SK20HicVu6lXvNM0nS1flurrs4/1NdhvccvEn52Gf+vpERZnnkKBnJvAQDsYkzJnsHs1bRNNKEiobEet7a/0TA==",
      "requires": {
        "ee-first": "^1.1.1"
      }
    },
    "binary-parser": {
      "version": "1.8.0",
      "resolved": "https://registry.npmjs.org/binary-parser/-/binary-parser-1.8.0.tgz",
      "integrity": "sha512-K6y28aXb8cVxh4lW9tymRATSt6Fs5Si2e9QCtmMCLRxb+i1M9bG6pay+llBQdA1E5+eHsFVxyWMVmEJv8OFCPA==",
      "requires": {
        "fast-text-encoding": "^1.0.3"
      }
    },
    "binpack": {
      "version": "0.1.0",
      "resolved": "https://registry.npmjs.org/binpack/-/binpack-0.1.0.tgz",
      "integrity": "sha1-vT0JdMPyoERuF99PYLVacqIFqX4="
    },
    "capitalize": {
      "version": "1.0.0",
      "resolved": "https://registry.npmjs.org/capitalize/-/capitalize-1.0.0.tgz",
      "integrity": "sha1-3IAsWAruEBkpAg0soUtMqKCuRL4="
    },
    "chalk": {
      "version": "4.1.1",
      "resolved": "https://registry.npmjs.org/chalk/-/chalk-4.1.1.tgz",
      "integrity": "sha512-diHzdDKxcU+bAsUboHLPEDQiw0qEe0qd7SYUn3HgcFlWgbDcfLGswOHYeGrHKzG9z6UYf01d9VFMfZxPM1xZSg==",
      "requires": {
        "ansi-styles": "^4.1.0",
        "supports-color": "^7.1.0"
      }
    },
    "co": {
      "version": "4.6.0",
      "resolved": "https://registry.npmjs.org/co/-/co-4.6.0.tgz",
      "integrity": "sha1-bqa989hTrlTMuOR7+gvz+QMfsYQ="
    },
    "color-convert": {
      "version": "2.0.1",
      "resolved": "https://registry.npmjs.org/color-convert/-/color-convert-2.0.1.tgz",
      "integrity": "sha512-RRECPsj7iu/xb5oKYcsFHSppFNnsj/52OVTRKb4zP5onXwVF3zVmmToNcOfGC+CRDpfK/U584fMg38ZHCaElKQ==",
      "requires": {
        "color-name": "~1.1.4"
      }
    },
    "color-name": {
      "version": "1.1.4",
      "resolved": "https://registry.npmjs.org/color-name/-/color-name-1.1.4.tgz",
      "integrity": "sha512-dOy+3AuW3a2wNbZHIuMZpTcgjGuLU/uBL/ubcZF9OXbDo8ff4O8yVp5Bf0efS8uEoYo5q4Fx7dY9OgQGXgAsQA=="
    },
    "core-util-is": {
      "version": "1.0.2",
      "resolved": "https://registry.npmjs.org/core-util-is/-/core-util-is-1.0.2.tgz",
      "integrity": "sha1-tf1UIgqivFq1eqtxQMlAdUUDwac="
    },
    "ee-first": {
      "version": "1.1.1",
      "resolved": "https://registry.npmjs.org/ee-first/-/ee-first-1.1.1.tgz",
      "integrity": "sha1-WQxhFWsK4vTwJVcyoViyZrxWsh0="
    },
    "expr-eval": {
      "version": "2.0.2",
      "resolved": "https://registry.npmjs.org/expr-eval/-/expr-eval-2.0.2.tgz",
      "integrity": "sha512-4EMSHGOPSwAfBiibw3ndnP0AvjDWLsMvGOvWEZ2F96IGk0bIVdjQisOHxReSkE13mHcfbuCiXw+G4y0zv6N8Eg=="
    },
    "fast-text-encoding": {
      "version": "1.0.3",
      "resolved": "https://registry.npmjs.org/fast-text-encoding/-/fast-text-encoding-1.0.3.tgz",
      "integrity": "sha512-dtm4QZH9nZtcDt8qJiOH9fcQd1NAgi+K1O2DbE6GG1PPCK/BWfOH3idCTRQ4ImXRUOyopDEgDEnVEE7Y/2Wrig=="
    },
    "fluid-music": {
      "version": "0.9.5",
      "resolved": "https://registry.npmjs.org/fluid-music/-/fluid-music-0.9.5.tgz",
      "integrity": "sha512-yWIM9kVcoMAftZAWAj+Zdn/LSks9NYY18Ky8CoPQChdymHcsL4zCz4nkSn8KHvUva1X4U3F5csaTmzDlLYeOIQ==",
      "requires": {
        "chalk": "^4.1.0",
        "expr-eval": "^2.0.2",
        "ini": "^2.0.0",
        "osc-ipc-client": "^1.1.3",
        "osc-min": "^1.1.2",
        "ramda": "^0.27.1",
        "rppp": "^0.2.8",
        "semver": "^7.3.4",
        "sharp11": "^2.0.2",
        "vst2-preset-parser": "^0.1.1"
      }
    },
    "graceful-fs": {
      "version": "4.2.6",
      "resolved": "https://registry.npmjs.org/graceful-fs/-/graceful-fs-4.2.6.tgz",
      "integrity": "sha512-nTnJ528pbqxYanhpDYsi4Rd8MAeaBA67+RZ10CM1m3bTAVFEDcd5AuA4a6W5YkGZ1iNXHzZz8T6TBKLeBuNriQ==",
      "optional": true
    },
    "has-flag": {
      "version": "4.0.0",
      "resolved": "https://registry.npmjs.org/has-flag/-/has-flag-4.0.0.tgz",
      "integrity": "sha512-EykJT/Q1KjTWctppgIAgfSO0tKVuZUjhgMr17kqTumMl6Afv3EISleU7qZUzoXDFTAHTDC4NOoG/ZxU3EvlMPQ=="
    },
    "ini": {
      "version": "2.0.0",
      "resolved": "https://registry.npmjs.org/ini/-/ini-2.0.0.tgz",
      "integrity": "sha512-7PnF4oN3CvZF23ADhA5wRaYEQpJ8qygSkbtTXWBeXWXmEVRXK+1ITciHWwHhsjv1TmW0MgacIv6hEi5pX5NQdA=="
    },
    "is-class-hotfix": {
      "version": "0.0.6",
      "resolved": "https://registry.npmjs.org/is-class-hotfix/-/is-class-hotfix-0.0.6.tgz",
      "integrity": "sha512-0n+pzCC6ICtVr/WXnN2f03TK/3BfXY7me4cjCAqT8TYXEl0+JBRoqBo94JJHXcyDSLUeWbNX8Fvy5g5RJdAstQ=="
    },
    "is-type-of": {
      "version": "1.2.1",
      "resolved": "https://registry.npmjs.org/is-type-of/-/is-type-of-1.2.1.tgz",
      "integrity": "sha512-uK0kyX9LZYhSDS7H2sVJQJop1UnWPWmo5RvR3q2kFH6AUHYs7sOrVg0b4nyBHw29kRRNFofYN/JbHZDlHiItTA==",
      "requires": {
        "core-util-is": "^1.0.2",
        "is-class-hotfix": "~0.0.6",
        "isstream": "~0.1.2"
      }
    },
    "isstream": {
      "version": "0.1.2",
      "resolved": "https://registry.npmjs.org/isstream/-/isstream-0.1.2.tgz",
      "integrity": "sha1-R+Y/evVa+m+S4VAOaQ64uFKcCZo="
    },
    "jsonfile": {
      "version": "2.4.0",
      "resolved": "https://registry.npmjs.org/jsonfile/-/jsonfile-2.4.0.tgz",
      "integrity": "sha1-NzaitCi4e72gzIO1P6PWM6NcKug=",
      "requires": {
        "graceful-fs": "^4.1.6"
      }
    },
    "lru-cache": {
      "version": "6.0.0",
      "resolved": "https://registry.npmjs.org/lru-cache/-/lru-cache-6.0.0.tgz",
      "integrity": "sha512-Jo6dJ04CmSjuznwJSS3pUeWmd/H0ffTlkXXgwZi+eq1UCmqQwCh+eLsYOYCwY991i2Fah4h1BEMCx4qThGbsiA==",
      "requires": {
        "yallist": "^4.0.0"
      }
    },
    "mod-loop": {
      "version": "0.0.2",
      "resolved": "https://registry.npmjs.org/mod-loop/-/mod-loop-0.0.2.tgz",
      "integrity": "sha1-1FyOS0yDMRU33HpupeUPfWrvCNQ="
    },
    "osc-ipc-client": {
      "version": "1.1.3",
      "resolved": "https://registry.npmjs.org/osc-ipc-client/-/osc-ipc-client-1.1.3.tgz",
      "integrity": "sha512-mI5XvMGFUssdzKPoj/6JaR/kQckh31YHns8Ju+djsiZsYyveMCcTKZnldIDQZkH8LbNVXRLeXxn4eN6m9AboEA==",
      "requires": {
        "osc-min": "^1.1.2",
        "tcp-base": "^3.1.0"
      }
    },
    "osc-min": {
      "version": "1.1.2",
      "resolved": "https://registry.npmjs.org/osc-min/-/osc-min-1.1.2.tgz",
      "integrity": "sha512-8DbiO8ME85R75stgNVCZtHxB9MNBBNcyy+isNBXrsFeinXGjwNAauvKVmGlfRas5VJWC/mhzIx7spR2gFvWxvg==",
      "requires": {
        "binpack": "~0"
      }
    },
    "ramda": {
      "version": "0.27.1",
      "resolved": "https://registry.npmjs.org/ramda/-/ramda-0.27.1.tgz",
      "integrity": "sha512-PgIdVpn5y5Yns8vqb8FzBUEYn98V3xcPgawAkkgj0YJ0qDsnHCiNmZYfOGMgOvoB0eWFLpYbhxUR3mxfDIMvpw=="
    },
    "random-js": {
      "version": "1.0.8",
      "resolved": "https://registry.npmjs.org/random-js/-/random-js-1.0.8.tgz",
      "integrity": "sha1-lo/WiabyXWwKrHZig94vaIycGQo="
    },
    "rppp": {
      "version": "0.2.8",
      "resolved": "https://registry.npmjs.org/rppp/-/rppp-0.2.8.tgz",
      "integrity": "sha512-54DlLATWfJyMXhu5Qbkx+jG8LtLiOzslpzoH1yHJQX1fBgN0/JLGisOJPw10PGEsLD8IIoDBFw76wppc8kkICw=="
    },
    "sdk-base": {
      "version": "3.6.0",
      "resolved": "https://registry.npmjs.org/sdk-base/-/sdk-base-3.6.0.tgz",
      "integrity": "sha512-jxHUIrRLlAoRFRwiXKhOGjd6BeFWO/jz7tv+E7lbMSef6F9jzFN2Sv3hLW58oDDKscKaBGG6vQdkbXn7isE7fw==",
      "requires": {
        "await-event": "^2.1.0",
        "await-first": "^1.0.0",
        "co": "^4.6.0",
        "is-type-of": "^1.2.1"
      }
    },
    "semver": {
      "version": "7.3.5",
      "resolved": "https://registry.npmjs.org/semver/-/semver-7.3.5.tgz",
      "integrity": "sha512-PoeGJYh8HK4BTO/a9Tf6ZG3veo/A7ZVsYrSA6J8ny9nb3B1VrpkuN+z9OE5wfE5p6H4LchYZsegiQgbJD94ZFQ==",
      "requires": {
        "lru-cache": "^6.0.0"
      }
    },
    "sharp11": {
      "version": "2.0.2",
      "resolved": "https://registry.npmjs.org/sharp11/-/sharp11-2.0.2.tgz",
      "integrity": "sha1-1S2qQYdxhYcOq/PX6U+0enGDZU8=",
      "requires": {
        "capitalize": "^1.0.0",
        "jsonfile": "^2.4.0",
        "mod-loop": "0.0.2",
        "random-js": "^1.0.8",
        "underscore": "^1.8.3"
      }
    },
    "supports-color": {
      "version": "7.2.0",
      "resolved": "https://registry.npmjs.org/supports-color/-/supports-color-7.2.0.tgz",
      "integrity": "sha512-qpCAvRl9stuOHveKsn7HncJRvv501qIacKzQlO/+Lwxc9+0q2wLyv4Dfvt80/DPn2pqOBsJdDiogXGR9+OvwRw==",
      "requires": {
        "has-flag": "^4.0.0"
      }
    },
    "tcp-base": {
      "version": "3.1.0",
      "resolved": "https://registry.npmjs.org/tcp-base/-/tcp-base-3.1.0.tgz",
      "integrity": "sha512-5iTlUaVmeZBzyq9cSVjB4mzKtvBP2wpkbVZoMdRhFwq35DYUBAfeTgAD31NYJSba3HVxetjuqKlAkUUHlWoShw==",
      "requires": {
        "is-type-of": "^1.0.0",
        "sdk-base": "^3.1.1"
      }
    },
    "underscore": {
      "version": "1.13.1",
      "resolved": "https://registry.npmjs.org/underscore/-/underscore-1.13.1.tgz",
      "integrity": "sha512-hzSoAVtJF+3ZtiFX0VgfFPHEDRm7Y/QPjGyNo4TVdnDTdft3tr8hEkD25a1jC+TjTuE7tkHGKkhwCgs9dgBB2g=="
    },
    "vst2-preset-parser": {
      "version": "0.1.1",
      "resolved": "https://registry.npmjs.org/vst2-preset-parser/-/vst2-preset-parser-0.1.1.tgz",
      "integrity": "sha512-X1QoBlPbW/YBetzv+UjX3tQFLxz0+uADKexTTMklj1aafWlWEXOn/11/J6/oDWDHjhTH9P0vmK4whykXjbGulw==",
      "requires": {
        "binary-parser": "^1.7.0"
      }
    },
    "yallist": {
      "version": "4.0.0",
      "resolved": "https://registry.npmjs.org/yallist/-/yallist-4.0.0.tgz",
      "integrity": "sha512-3wdGidZyq5PB084XLES5TpOSRA3wjXAlIWMhum2kRcv/41Sn2emQ0dycQW4uZXLejwKvg6EsvbdlVL+FYEct7A=="
    }
  }
}
